
Microsoft Visual Studio Solution File, Format Version 12.00
# Visual Studio 15
Project("{FAE04EC0-301F-11D3-BF4B-00C04F79EFBC}") = "Assembly-CSharp", "Assembly-CSharp.csproj", "{9FBB98EE-394E-0591-761E-6569147AD45C}"
EndProject
Project("{FAE04EC0-301F-11D3-BF4B-00C04F79EFBC}") = "NavMeshComponentsExamples", "NavMeshComponentsExamples.csproj", "{58988840-652C-04CF-9C3D-DD37BD55A53B}"
EndProject
Project("{FAE04EC0-301F-11D3-BF4B-00C04F79EFBC}") = "NavMeshComponentsTestsPlaymode", "NavMeshComponentsTestsPlaymode.csproj", "{94618423-5D15-59D8-3CF6-B65A3F67BCDD}"
EndProject
Project("{FAE04EC0-301F-11D3-BF4B-00C04F79EFBC}") = "NavMeshComponents", "NavMeshComponents.csproj", "{2991A258-1916-226D-8236-112BD320B7D6}"
EndProject
Project("{FAE04EC0-301F-11D3-BF4B-00C04F79EFBC}") = "NavMeshComponentsEditor", "NavMeshComponentsEditor.csproj", "{1CA6B2F7-2CFC-4C10-FA8A-4147D9F27A4E}"
EndProject
Project("{FAE04EC0-301F-11D3-BF4B-00C04F79EFBC}") = "NavMeshComponentsTestsEditmode", "NavMeshComponentsTestsEditmode.csproj", "{DEAB61B1-B53E-10F0-9835-7199FC65F920}"
EndProject
Project("{FAE04EC0-301F-11D3-BF4B-00C04F79EFBC}") = "NavMeshComponentsExamplesEditor", "NavMeshComponentsExamplesEditor.csproj", "{19B31FBB-1423-A3B5-CDFA-B9E576E79026}"
EndProject
Global
	GlobalSection(SolutionConfigurationPlatforms) = preSolution
		Debug|Any CPU = Debug|Any CPU
		Release|Any CPU = Release|Any CPU
	EndGlobalSection
	GlobalSection(ProjectConfigurationPlatforms) = postSolution
		{9FBB98EE-394E-0591-761E-6569147AD45C}.Debug|Any CPU.ActiveCfg = Debug|Any CPU
		{9FBB98EE-394E-0591-761E-6569147AD45C}.Debug|Any CPU.Build.0 = Debug|Any CPU
		{9FBB98EE-394E-0591-761E-6569147AD45C}.Release|Any CPU.ActiveCfg = Release|Any CPU
		{9FBB98EE-394E-0591-761E-6569147AD45C}.Release|Any CPU.Build.0 = Release|Any CPU
		{58988840-652C-04CF-9C3D-DD37BD55A53B}.Debug|Any CPU.ActiveCfg = Debug|Any CPU
		{58988840-652C-04CF-9C3D-DD37BD55A53B}.Debug|Any CPU.Build.0 = Debug|Any CPU
		{58988840-652C-04CF-9C3D-DD37BD55A53B}.Release|Any CPU.ActiveCfg = Release|Any CPU
		{58988840-652C-04CF-9C3D-DD37BD55A53B}.Release|Any CPU.Build.0 = Release|Any CPU
		{94618423-5D15-59D8-3CF6-B65A3F67BCDD}.Debug|Any CPU.ActiveCfg = Debug|Any CPU
		{94618423-5D15-59D8-3CF6-B65A3F67BCDD}.Debug|Any CPU.Build.0 = Debug|Any CPU
		{94618423-5D15-59D8-3CF6-B65A3F67BCDD}.Release|Any CPU.ActiveCfg = Release|Any CPU
		{94618423-5D15-59D8-3CF6-B65A3F67BCDD}.Release|Any CPU.Build.0 = Release|Any CPU
		{2991A258-1916-226D-8236-112BD320B7D6}.Debug|Any CPU.ActiveCfg = Debug|Any CPU
		{2991A258-1916-226D-8236-112BD320B7D6}.Debug|Any CPU.Build.0 = Debug|Any CPU
		{2991A258-1916-226D-8236-112BD320B7D6}.Release|Any CPU.ActiveCfg = Release|Any CPU
		{2991A258-1916-226D-8236-112BD320B7D6}.Release|Any CPU.Build.0 = Release|Any CPU
		{1CA6B2F7-2CFC-4C10-FA8A-4147D9F27A4E}.Debug|Any CPU.ActiveCfg = Debug|Any CPU
		{1CA6B2F7-2CFC-4C10-FA8A-4147D9F27A4E}.Debug|Any CPU.Build.0 = Debug|Any CPU
		{1CA6B2F7-2CFC-4C10-FA8A-4147D9F27A4E}.Release|Any CPU.ActiveCfg = Release|Any CPU
		{1CA6B2F7-2CFC-4C10-FA8A-4147D9F27A4E}.Release|Any CPU.Build.0 = Release|Any CPU
		{DEAB61B1-B53E-10F0-9835-7199FC65F920}.Debug|Any CPU.ActiveCfg = Debug|Any CPU
		{DEAB61B1-B53E-10F0-9835-7199FC65F920}.Debug|Any CPU.Build.0 = Debug|Any CPU
		{DEAB61B1-B53E-10F0-9835-7199FC65F920}.Release|Any CPU.ActiveCfg = Release|Any CPU
		{DEAB61B1-B53E-10F0-9835-7199FC65F920}.Release|Any CPU.Build.0 = Release|Any CPU
		{19B31FBB-1423-A3B5-CDFA-B9E576E79026}.Debug|Any CPU.ActiveCfg = Debug|Any CPU
		{19B31FBB-1423-A3B5-CDFA-B9E576E79026}.Debug|Any CPU.Build.0 = Debug|Any CPU
		{19B31FBB-1423-A3B5-CDFA-B9E576E79026}.Release|Any CPU.ActiveCfg = Release|Any CPU
		{19B31FBB-1423-A3B5-CDFA-B9E576E79026}.Release|Any CPU.Build.0 = Release|Any CPU
	EndGlobalSection
	GlobalSection(SolutionProperties) = preSolution
		HideSolutionNode = FALSE
	EndGlobalSection
EndGlobal
